
Microsoft Visual Studio Solution File, Format Version 12.00
# Visual Studio Version 16
VisualStudioVersion = 16.0.30114.105
MinimumVisualStudioVersion = 10.0.40219.1
Project("{FAE04EC0-301F-11D3-BF4B-00C04F79EFBC}") = "Threading", "Threading\Threading.csproj", "{D5D79308-9BBF-44A5-A5C2-38D2EE7D9ED3}"
EndProject
Global
	GlobalSection(SolutionConfigurationPlatforms) = preSolution
		Debug|Any CPU = Debug|Any CPU
		Release|Any CPU = Release|Any CPU
	EndGlobalSection
	GlobalSection(ProjectConfigurationPlatforms) = postSolution
		{D5D79308-9BBF-44A5-A5C2-38D2EE7D9ED3}.Debug|Any CPU.ActiveCfg = Debug|Any CPU
		{D5D79308-9BBF-44A5-A5C2-38D2EE7D9ED3}.Debug|Any CPU.Build.0 = Debug|Any CPU
		{D5D79308-9BBF-44A5-A5C2-38D2EE7D9ED3}.Release|Any CPU.ActiveCfg = Release|Any CPU
		{D5D79308-9BBF-44A5-A5C2-38D2EE7D9ED3}.Release|Any CPU.Build.0 = Release|Any CPU
	EndGlobalSection
	GlobalSection(SolutionProperties) = preSolution
		HideSolutionNode = FALSE
	EndGlobalSection
	GlobalSection(ExtensibilityGlobals) = postSolution
		SolutionGuid = {71BD632E-C12B-4DC7-816A-D9B2E5F886F0}
	EndGlobalSection
EndGlobal
